// !$*UTF8*$!
{
	archiveVersion = 1;
	classes = {
	};
	objectVersion = 46;
	objects = {

/* Begin PBXBuildFile section */
		124C16651E052646007C94EF /* main.m in Sources */ = {isa = PBXBuildFile; fileRef = 124C16641E052646007C94EF /* main.m */; };
		124C16681E052646007C94EF /* AppDelegate.m in Sources */ = {isa = PBXBuildFile; fileRef = 124C16671E052646007C94EF /* AppDelegate.m */; };
		124C16701E052646007C94EF /* Assets.xcassets in Resources */ = {isa = PBXBuildFile; fileRef = 124C166F1E052646007C94EF /* Assets.xcassets */; };
		124C16731E052646007C94EF /* LaunchScreen.storyboard in Resources */ = {isa = PBXBuildFile; fileRef = 124C16711E052646007C94EF /* LaunchScreen.storyboard */; };
		124C167E1E052646007C94EF /* PineAppleCameraTests.m in Sources */ = {isa = PBXBuildFile; fileRef = 124C167D1E052646007C94EF /* PineAppleCameraTests.m */; };
		124C16891E052646007C94EF /* PineAppleCameraUITests.m in Sources */ = {isa = PBXBuildFile; fileRef = 124C16881E052646007C94EF /* PineAppleCameraUITests.m */; };
		124C16A21E0526A5007C94EF /* libGPUImage.a in Frameworks */ = {isa = PBXBuildFile; fileRef = 124C169D1E052663007C94EF /* libGPUImage.a */; };
		124C16A51E0526B2007C94EF /* CoreMedia.framework in Frameworks */ = {isa = PBXBuildFile; fileRef = 124C16A41E0526B2007C94EF /* CoreMedia.framework */; };
		124C16A71E0526BA007C94EF /* CoreVideo.framework in Frameworks */ = {isa = PBXBuildFile; fileRef = 124C16A61E0526BA007C94EF /* CoreVideo.framework */; };
		124C16A91E0526C5007C94EF /* OpenGLES.framework in Frameworks */ = {isa = PBXBuildFile; fileRef = 124C16A81E0526C5007C94EF /* OpenGLES.framework */; };
		124C16AB1E0526CB007C94EF /* AVFoundation.framework in Frameworks */ = {isa = PBXBuildFile; fileRef = 124C16AA1E0526CB007C94EF /* AVFoundation.framework */; };
		124C16AD1E0526D3007C94EF /* QuartzCore.framework in Frameworks */ = {isa = PBXBuildFile; fileRef = 124C16AC1E0526D3007C94EF /* QuartzCore.framework */; };
		124C16BB1E05352C007C94EF /* PineAppleCameraStoryboard.storyboard in Resources */ = {isa = PBXBuildFile; fileRef = 124C16BA1E05352C007C94EF /* PineAppleCameraStoryboard.storyboard */; };
		124C16C21E05367C007C94EF /* PACameraViewController.m in Sources */ = {isa = PBXBuildFile; fileRef = 124C16C11E05367C007C94EF /* PACameraViewController.m */; };
		124C16C71E053BA5007C94EF /* PAStillCamera.m in Sources */ = {isa = PBXBuildFile; fileRef = 124C16C61E053BA5007C94EF /* PAStillCamera.m */; };
		124C16CB1E05429C007C94EF /* MTBubbleButton.m in Sources */ = {isa = PBXBuildFile; fileRef = 124C16CA1E05429C007C94EF /* MTBubbleButton.m */; };
		124C16CE1E05440E007C94EF /* PACheckPhotoViewController.m in Sources */ = {isa = PBXBuildFile; fileRef = 124C16CD1E05440E007C94EF /* PACheckPhotoViewController.m */; };
		124C16D11E05481F007C94EF /* UIImage+fixOrientation.m in Sources */ = {isa = PBXBuildFile; fileRef = 124C16D01E05481F007C94EF /* UIImage+fixOrientation.m */; };
		124C16D41E054827007C94EF /* Tool.m in Sources */ = {isa = PBXBuildFile; fileRef = 124C16D31E054827007C94EF /* Tool.m */; };
		124C16D91E05494F007C94EF /* CameraFilterView.m in Sources */ = {isa = PBXBuildFile; fileRef = 124C16D61E05494F007C94EF /* CameraFilterView.m */; };
		124C16DA1E05494F007C94EF /* MTMaskImageView.m in Sources */ = {isa = PBXBuildFile; fileRef = 124C16D81E05494F007C94EF /* MTMaskImageView.m */; };
		124C16DE1E06761C007C94EF /* GPUImageBeautifyFilter.m in Sources */ = {isa = PBXBuildFile; fileRef = 124C16DD1E06761C007C94EF /* GPUImageBeautifyFilter.m */; };
		12998E0C1E0E434100E9468C /* PAMenuCollectionViewCell.m in Sources */ = {isa = PBXBuildFile; fileRef = 12998E0B1E0E434100E9468C /* PAMenuCollectionViewCell.m */; };
		12998E161E1212B800E9468C /* PACollectionViewLineLayout.m in Sources */ = {isa = PBXBuildFile; fileRef = 12998E151E1212B800E9468C /* PACollectionViewLineLayout.m */; };
		12998E1B1E1219EA00E9468C /* PACameraFilterCollectionViewCell.m in Sources */ = {isa = PBXBuildFile; fileRef = 12998E1A1E1219EA00E9468C /* PACameraFilterCollectionViewCell.m */; };
		12998E1D1E123A2300E9468C /* PACameraFilterCollectionViewCell.xib in Resources */ = {isa = PBXBuildFile; fileRef = 12998E1C1E123A2300E9468C /* PACameraFilterCollectionViewCell.xib */; };
		12E5EFA91E1B61F00048FF4E /* FW1977Filter.m in Sources */ = {isa = PBXBuildFile; fileRef = 12E5EFA81E1B61F00048FF4E /* FW1977Filter.m */; };
		12E5EFD51E1B64D30048FF4E /* 1977blowout.png in Resources */ = {isa = PBXBuildFile; fileRef = 12E5EFAB1E1B64D30048FF4E /* 1977blowout.png */; };
		12E5EFD61E1B64D30048FF4E /* 1977map.png in Resources */ = {isa = PBXBuildFile; fileRef = 12E5EFAC1E1B64D30048FF4E /* 1977map.png */; };
		12E5EFD71E1B64D30048FF4E /* amaroMap.png in Resources */ = {isa = PBXBuildFile; fileRef = 12E5EFAD1E1B64D30048FF4E /* amaroMap.png */; };
		12E5EFD81E1B64D30048FF4E /* blackboard1024.png in Resources */ = {isa = PBXBuildFile; fileRef = 12E5EFAE1E1B64D30048FF4E /* blackboard1024.png */; };
		12E5EFD91E1B64D30048FF4E /* brannanBlowout.png in Resources */ = {isa = PBXBuildFile; fileRef = 12E5EFAF1E1B64D30048FF4E /* brannanBlowout.png */; };
		12E5EFDA1E1B64D30048FF4E /* brannanContrast.png in Resources */ = {isa = PBXBuildFile; fileRef = 12E5EFB01E1B64D30048FF4E /* brannanContrast.png */; };
		12E5EFDB1E1B64D30048FF4E /* brannanLuma.png in Resources */ = {isa = PBXBuildFile; fileRef = 12E5EFB11E1B64D30048FF4E /* brannanLuma.png */; };
		12E5EFDC1E1B64D30048FF4E /* brannanProcess.png in Resources */ = {isa = PBXBuildFile; fileRef = 12E5EFB21E1B64D30048FF4E /* brannanProcess.png */; };
		12E5EFDD1E1B64D30048FF4E /* brannanScreen.png in Resources */ = {isa = PBXBuildFile; fileRef = 12E5EFB31E1B64D30048FF4E /* brannanScreen.png */; };
		12E5EFDE1E1B64D30048FF4E /* earlybirdBlowout.png in Resources */ = {isa = PBXBuildFile; fileRef = 12E5EFB41E1B64D30048FF4E /* earlybirdBlowout.png */; };
		12E5EFDF1E1B64D30048FF4E /* earlyBirdCurves.png in Resources */ = {isa = PBXBuildFile; fileRef = 12E5EFB51E1B64D30048FF4E /* earlyBirdCurves.png */; };
		12E5EFE01E1B64D30048FF4E /* earlybirdMap.png in Resources */ = {isa = PBXBuildFile; fileRef = 12E5EFB61E1B64D30048FF4E /* earlybirdMap.png */; };
		12E5EFE11E1B64D30048FF4E /* earlybirdOverlayMap.png in Resources */ = {isa = PBXBuildFile; fileRef = 12E5EFB71E1B64D30048FF4E /* earlybirdOverlayMap.png */; };
		12E5EFE21E1B64D30048FF4E /* edgeBurn.png in Resources */ = {isa = PBXBuildFile; fileRef = 12E5EFB81E1B64D30048FF4E /* edgeBurn.png */; };
		12E5EFE31E1B64D30048FF4E /* hefeGradientMap.png in Resources */ = {isa = PBXBuildFile; fileRef = 12E5EFB91E1B64D30048FF4E /* hefeGradientMap.png */; };
		12E5EFE41E1B64D30048FF4E /* hefeMap.png in Resources */ = {isa = PBXBuildFile; fileRef = 12E5EFBA1E1B64D30048FF4E /* hefeMap.png */; };
		12E5EFE51E1B64D30048FF4E /* hefeMetal.png in Resources */ = {isa = PBXBuildFile; fileRef = 12E5EFBB1E1B64D30048FF4E /* hefeMetal.png */; };
		12E5EFE61E1B64D30048FF4E /* hefeSoftLight.png in Resources */ = {isa = PBXBuildFile; fileRef = 12E5EFBC1E1B64D30048FF4E /* hefeSoftLight.png */; };
		12E5EFE71E1B64D30048FF4E /* hudsonBackground.png in Resources */ = {isa = PBXBuildFile; fileRef = 12E5EFBD1E1B64D30048FF4E /* hudsonBackground.png */; };
		12E5EFE81E1B64D30048FF4E /* hudsonMap.png in Resources */ = {isa = PBXBuildFile; fileRef = 12E5EFBE1E1B64D30048FF4E /* hudsonMap.png */; };
		12E5EFE91E1B64D30048FF4E /* inkwellMap.png in Resources */ = {isa = PBXBuildFile; fileRef = 12E5EFBF1E1B64D30048FF4E /* inkwellMap.png */; };
		12E5EFEA1E1B64D30048FF4E /* kelvinMap.png in Resources */ = {isa = PBXBuildFile; fileRef = 12E5EFC01E1B64D30048FF4E /* kelvinMap.png */; };
		12E5EFEB1E1B64D30048FF4E /* lomoMap.png in Resources */ = {isa = PBXBuildFile; fileRef = 12E5EFC11E1B64D30048FF4E /* lomoMap.png */; };
		12E5EFEC1E1B64D30048FF4E /* nashvilleMap.png in Resources */ = {isa = PBXBuildFile; fileRef = 12E5EFC21E1B64D30048FF4E /* nashvilleMap.png */; };
		12E5EFED1E1B64D30048FF4E /* overlayMap.png in Resources */ = {isa = PBXBuildFile; fileRef = 12E5EFC31E1B64D30048FF4E /* overlayMap.png */; };
		12E5EFEE1E1B64D30048FF4E /* riseMap.png in Resources */ = {isa = PBXBuildFile; fileRef = 12E5EFC41E1B64D30048FF4E /* riseMap.png */; };
		12E5EFEF1E1B64D30048FF4E /* sierraMap.png in Resources */ = {isa = PBXBuildFile; fileRef = 12E5EFC51E1B64D30048FF4E /* sierraMap.png */; };
		12E5EFF01E1B64D30048FF4E /* sierraVignette.png in Resources */ = {isa = PBXBuildFile; fileRef = 12E5EFC61E1B64D30048FF4E /* sierraVignette.png */; };
		12E5EFF11E1B64D30048FF4E /* softLight.png in Resources */ = {isa = PBXBuildFile; fileRef = 12E5EFC71E1B64D30048FF4E /* softLight.png */; };
		12E5EFF21E1B64D30048FF4E /* sutroCurves.png in Resources */ = {isa = PBXBuildFile; fileRef = 12E5EFC81E1B64D30048FF4E /* sutroCurves.png */; };
		12E5EFF31E1B64D30048FF4E /* sutroEdgeBurn.png in Resources */ = {isa = PBXBuildFile; fileRef = 12E5EFC91E1B64D30048FF4E /* sutroEdgeBurn.png */; };
		12E5EFF41E1B64D30048FF4E /* sutroMetal.png in Resources */ = {isa = PBXBuildFile; fileRef = 12E5EFCA1E1B64D30048FF4E /* sutroMetal.png */; };
		12E5EFF51E1B64D30048FF4E /* toasterColorShift.png in Resources */ = {isa = PBXBuildFile; fileRef = 12E5EFCB1E1B64D30048FF4E /* toasterColorShift.png */; };
		12E5EFF61E1B64D30048FF4E /* toasterCurves.png in Resources */ = {isa = PBXBuildFile; fileRef = 12E5EFCC1E1B64D30048FF4E /* toasterCurves.png */; };
		12E5EFF71E1B64D30048FF4E /* toasterMetal.png in Resources */ = {isa = PBXBuildFile; fileRef = 12E5EFCD1E1B64D30048FF4E /* toasterMetal.png */; };
		12E5EFF81E1B64D30048FF4E /* toasterOverlayMapWarm.png in Resources */ = {isa = PBXBuildFile; fileRef = 12E5EFCE1E1B64D30048FF4E /* toasterOverlayMapWarm.png */; };
		12E5EFF91E1B64D30048FF4E /* toasterSoftLight.png in Resources */ = {isa = PBXBuildFile; fileRef = 12E5EFCF1E1B64D30048FF4E /* toasterSoftLight.png */; };
		12E5EFFA1E1B64D30048FF4E /* valenciaGradientMap.png in Resources */ = {isa = PBXBuildFile; fileRef = 12E5EFD01E1B64D30048FF4E /* valenciaGradientMap.png */; };
		12E5EFFB1E1B64D30048FF4E /* valenciaMap.png in Resources */ = {isa = PBXBuildFile; fileRef = 12E5EFD11E1B64D30048FF4E /* valenciaMap.png */; };
		12E5EFFC1E1B64D30048FF4E /* vignetteMap.png in Resources */ = {isa = PBXBuildFile; fileRef = 12E5EFD21E1B64D30048FF4E /* vignetteMap.png */; };
		12E5EFFD1E1B64D30048FF4E /* waldenMap.png in Resources */ = {isa = PBXBuildFile; fileRef = 12E5EFD31E1B64D30048FF4E /* waldenMap.png */; };
		12E5EFFE1E1B64D30048FF4E /* xproMap.png in Resources */ = {isa = PBXBuildFile; fileRef = 12E5EFD41E1B64D30048FF4E /* xproMap.png */; };
		12E5F0231E1B656B0048FF4E /* FWAmaroFilter.m in Sources */ = {isa = PBXBuildFile; fileRef = 12E5F0001E1B656B0048FF4E /* FWAmaroFilter.m */; };
		12E5F0241E1B656B0048FF4E /* FWBrannanFilter.m in Sources */ = {isa = PBXBuildFile; fileRef = 12E5F0021E1B656B0048FF4E /* FWBrannanFilter.m */; };
		12E5F0251E1B656B0048FF4E /* FWEarlybirdFilter.m in Sources */ = {isa = PBXBuildFile; fileRef = 12E5F0041E1B656B0048FF4E /* FWEarlybirdFilter.m */; };
		12E5F0261E1B656B0048FF4E /* FWFiveInputFilter.m in Sources */ = {isa = PBXBuildFile; fileRef = 12E5F0061E1B656B0048FF4E /* FWFiveInputFilter.m */; };
		12E5F0271E1B656B0048FF4E /* FWHefeFilter.m in Sources */ = {isa = PBXBuildFile; fileRef = 12E5F0081E1B656B0048FF4E /* FWHefeFilter.m */; };
		12E5F0281E1B656B0048FF4E /* FWHudsonFilter.m in Sources */ = {isa = PBXBuildFile; fileRef = 12E5F00A1E1B656B0048FF4E /* FWHudsonFilter.m */; };
		12E5F0291E1B656B0048FF4E /* FWInkwellFilter.m in Sources */ = {isa = PBXBuildFile; fileRef = 12E5F00C1E1B656B0048FF4E /* FWInkwellFilter.m */; };
		12E5F02A1E1B656B0048FF4E /* FWLomofiFilter.m in Sources */ = {isa = PBXBuildFile; fileRef = 12E5F00E1E1B656B0048FF4E /* FWLomofiFilter.m */; };
		12E5F02B1E1B656B0048FF4E /* FWLordKelvinFilter.m in Sources */ = {isa = PBXBuildFile; fileRef = 12E5F0101E1B656B0048FF4E /* FWLordKelvinFilter.m */; };
		12E5F02C1E1B656B0048FF4E /* FWNashvilleFilter.m in Sources */ = {isa = PBXBuildFile; fileRef = 12E5F0121E1B656B0048FF4E /* FWNashvilleFilter.m */; };
		12E5F02D1E1B656B0048FF4E /* FWRiseFilter.m in Sources */ = {isa = PBXBuildFile; fileRef = 12E5F0141E1B656B0048FF4E /* FWRiseFilter.m */; };
		12E5F02E1E1B656B0048FF4E /* FWSierraFilter.m in Sources */ = {isa = PBXBuildFile; fileRef = 12E5F0161E1B656B0048FF4E /* FWSierraFilter.m */; };
		12E5F02F1E1B656B0048FF4E /* FWSixInputFilter.m in Sources */ = {isa = PBXBuildFile; fileRef = 12E5F0181E1B656B0048FF4E /* FWSixInputFilter.m */; };
		12E5F0301E1B656B0048FF4E /* FWSutroFilter.m in Sources */ = {isa = PBXBuildFile; fileRef = 12E5F01A1E1B656B0048FF4E /* FWSutroFilter.m */; };
		12E5F0311E1B656B0048FF4E /* FWToasterFilter.m in Sources */ = {isa = PBXBuildFile; fileRef = 12E5F01C1E1B656B0048FF4E /* FWToasterFilter.m */; };
		12E5F0321E1B656B0048FF4E /* FWValenciaFilter.m in Sources */ = {isa = PBXBuildFile; fileRef = 12E5F01E1E1B656B0048FF4E /* FWValenciaFilter.m */; };
		12E5F0331E1B656B0048FF4E /* FWWaldenFilter.m in Sources */ = {isa = PBXBuildFile; fileRef = 12E5F0201E1B656B0048FF4E /* FWWaldenFilter.m */; };
		12E5F0341E1B656B0048FF4E /* FWXproIIFilter.m in Sources */ = {isa = PBXBuildFile; fileRef = 12E5F0221E1B656B0048FF4E /* FWXproIIFilter.m */; };
/* End PBXBuildFile section */

/* Begin PBXContainerItemProxy section */
		124C167A1E052646007C94EF /* PBXContainerItemProxy */ = {
			isa = PBXContainerItemProxy;
			containerPortal = 124C16581E052646007C94EF /* Project object */;
			proxyType = 1;
			remoteGlobalIDString = 124C165F1E052646007C94EF;
			remoteInfo = PineAppleCamera;
		};
		124C16851E052646007C94EF /* PBXContainerItemProxy */ = {
			isa = PBXContainerItemProxy;
			containerPortal = 124C16581E052646007C94EF /* Project object */;
			proxyType = 1;
			remoteGlobalIDString = 124C165F1E052646007C94EF;
			remoteInfo = PineAppleCamera;
		};
		124C169C1E052663007C94EF /* PBXContainerItemProxy */ = {
			isa = PBXContainerItemProxy;
			containerPortal = 124C16961E052662007C94EF /* GPUImage.xcodeproj */;
			proxyType = 2;
			remoteGlobalIDString = BCF1A33414DDB1EC00852800;
			remoteInfo = GPUImage;
		};
		124C169E1E052663007C94EF /* PBXContainerItemProxy */ = {
			isa = PBXContainerItemProxy;
			containerPortal = 124C16961E052662007C94EF /* GPUImage.xcodeproj */;
			proxyType = 2;
			remoteGlobalIDString = BCE209E51943F20C002FEED8;
			remoteInfo = GPUImageFramework;
		};
		124C16A01E052699007C94EF /* PBXContainerItemProxy */ = {
			isa = PBXContainerItemProxy;
			containerPortal = 124C16961E052662007C94EF /* GPUImage.xcodeproj */;
			proxyType = 1;
			remoteGlobalIDString = BCF1A33314DDB1EC00852800;
			remoteInfo = GPUImage;
		};
/* End PBXContainerItemProxy section */

/* Begin PBXFileReference section */
		124C16601E052646007C94EF /* PineAppleCamera.app */ = {isa = PBXFileReference; explicitFileType = wrapper.application; includeInIndex = 0; path = PineAppleCamera.app; sourceTree = BUILT_PRODUCTS_DIR; };
		124C16641E052646007C94EF /* main.m */ = {isa = PBXFileReference; lastKnownFileType = sourcecode.c.objc; path = main.m; sourceTree = "<group>"; };
		124C16661E052646007C94EF /* AppDelegate.h */ = {isa = PBXFileReference; lastKnownFileType = sourcecode.c.h; path = AppDelegate.h; sourceTree = "<group>"; };
		124C16671E052646007C94EF /* AppDelegate.m */ = {isa = PBXFileReference; lastKnownFileType = sourcecode.c.objc; path = AppDelegate.m; sourceTree = "<group>"; };
		124C166F1E052646007C94EF /* Assets.xcassets */ = {isa = PBXFileReference; lastKnownFileType = folder.assetcatalog; name = Assets.xcassets; path = ../Assets.xcassets; sourceTree = "<group>"; };
		124C16721E052646007C94EF /* Base */ = {isa = PBXFileReference; lastKnownFileType = file.storyboard; name = Base; path = Base.lproj/LaunchScreen.storyboard; sourceTree = "<group>"; };
		124C16741E052646007C94EF /* Info.plist */ = {isa = PBXFileReference; lastKnownFileType = text.plist.xml; path = Info.plist; sourceTree = "<group>"; };
		124C16791E052646007C94EF /* PineAppleCameraTests.xctest */ = {isa = PBXFileReference; explicitFileType = wrapper.cfbundle; includeInIndex = 0; path = PineAppleCameraTests.xctest; sourceTree = BUILT_PRODUCTS_DIR; };
		124C167D1E052646007C94EF /* PineAppleCameraTests.m */ = {isa = PBXFileReference; lastKnownFileType = sourcecode.c.objc; path = PineAppleCameraTests.m; sourceTree = "<group>"; };
		124C167F1E052646007C94EF /* Info.plist */ = {isa = PBXFileReference; lastKnownFileType = text.plist.xml; path = Info.plist; sourceTree = "<group>"; };
		124C16841E052646007C94EF /* PineAppleCameraUITests.xctest */ = {isa = PBXFileReference; explicitFileType = wrapper.cfbundle; includeInIndex = 0; path = PineAppleCameraUITests.xctest; sourceTree = BUILT_PRODUCTS_DIR; };
		124C16881E052646007C94EF /* PineAppleCameraUITests.m */ = {isa = PBXFileReference; lastKnownFileType = sourcecode.c.objc; path = PineAppleCameraUITests.m; sourceTree = "<group>"; };
		124C168A1E052646007C94EF /* Info.plist */ = {isa = PBXFileReference; lastKnownFileType = text.plist.xml; path = Info.plist; sourceTree = "<group>"; };
		124C16961E052662007C94EF /* GPUImage.xcodeproj */ = {isa = PBXFileReference; lastKnownFileType = "wrapper.pb-project"; name = GPUImage.xcodeproj; path = "../../../Users/zj-db0737/Downloads/GPUImage-master/framework/GPUImage.xcodeproj"; sourceTree = "<group>"; };
		124C16A41E0526B2007C94EF /* CoreMedia.framework */ = {isa = PBXFileReference; lastKnownFileType = wrapper.framework; name = CoreMedia.framework; path = System/Library/Frameworks/CoreMedia.framework; sourceTree = SDKROOT; };
		124C16A61E0526BA007C94EF /* CoreVideo.framework */ = {isa = PBXFileReference; lastKnownFileType = wrapper.framework; name = CoreVideo.framework; path = System/Library/Frameworks/CoreVideo.framework; sourceTree = SDKROOT; };
		124C16A81E0526C5007C94EF /* OpenGLES.framework */ = {isa = PBXFileReference; lastKnownFileType = wrapper.framework; name = OpenGLES.framework; path = System/Library/Frameworks/OpenGLES.framework; sourceTree = SDKROOT; };
		124C16AA1E0526CB007C94EF /* AVFoundation.framework */ = {isa = PBXFileReference; lastKnownFileType = wrapper.framework; name = AVFoundation.framework; path = System/Library/Frameworks/AVFoundation.framework; sourceTree = SDKROOT; };
		124C16AC1E0526D3007C94EF /* QuartzCore.framework */ = {isa = PBXFileReference; lastKnownFileType = wrapper.framework; name = QuartzCore.framework; path = System/Library/Frameworks/QuartzCore.framework; sourceTree = SDKROOT; };
		124C16BA1E05352C007C94EF /* PineAppleCameraStoryboard.storyboard */ = {isa = PBXFileReference; fileEncoding = 4; lastKnownFileType = file.storyboard; path = PineAppleCameraStoryboard.storyboard; sourceTree = "<group>"; };
		124C16C01E05367C007C94EF /* PACameraViewController.h */ = {isa = PBXFileReference; fileEncoding = 4; lastKnownFileType = sourcecode.c.h; path = PACameraViewController.h; sourceTree = "<group>"; };
		124C16C11E05367C007C94EF /* PACameraViewController.m */ = {isa = PBXFileReference; fileEncoding = 4; lastKnownFileType = sourcecode.c.objc; path = PACameraViewController.m; sourceTree = "<group>"; };
		124C16C31E053788007C94EF /* PAUtilsMacro.h */ = {isa = PBXFileReference; lastKnownFileType = sourcecode.c.h; path = PAUtilsMacro.h; sourceTree = "<group>"; };
		124C16C41E0539BD007C94EF /* PAStaticMacro.h */ = {isa = PBXFileReference; lastKnownFileType = sourcecode.c.h; path = PAStaticMacro.h; sourceTree = "<group>"; };
		124C16C51E053BA5007C94EF /* PAStillCamera.h */ = {isa = PBXFileReference; fileEncoding = 4; lastKnownFileType = sourcecode.c.h; path = PAStillCamera.h; sourceTree = "<group>"; };
		124C16C61E053BA5007C94EF /* PAStillCamera.m */ = {isa = PBXFileReference; fileEncoding = 4; lastKnownFileType = sourcecode.c.objc; path = PAStillCamera.m; sourceTree = "<group>"; };
		124C16C81E053C01007C94EF /* PAEnumMacro.h */ = {isa = PBXFileReference; lastKnownFileType = sourcecode.c.h; path = PAEnumMacro.h; sourceTree = "<group>"; };
		124C16C91E05429C007C94EF /* MTBubbleButton.h */ = {isa = PBXFileReference; fileEncoding = 4; lastKnownFileType = sourcecode.c.h; path = MTBubbleButton.h; sourceTree = "<group>"; };
		124C16CA1E05429C007C94EF /* MTBubbleButton.m */ = {isa = PBXFileReference; fileEncoding = 4; lastKnownFileType = sourcecode.c.objc; path = MTBubbleButton.m; sourceTree = "<group>"; };
		124C16CC1E05440E007C94EF /* PACheckPhotoViewController.h */ = {isa = PBXFileReference; fileEncoding = 4; lastKnownFileType = sourcecode.c.h; path = PACheckPhotoViewController.h; sourceTree = "<group>"; };
		124C16CD1E05440E007C94EF /* PACheckPhotoViewController.m */ = {isa = PBXFileReference; fileEncoding = 4; lastKnownFileType = sourcecode.c.objc; path = PACheckPhotoViewController.m; sourceTree = "<group>"; };
		124C16CF1E05481F007C94EF /* UIImage+fixOrientation.h */ = {isa = PBXFileReference; fileEncoding = 4; lastKnownFileType = sourcecode.c.h; path = "UIImage+fixOrientation.h"; sourceTree = "<group>"; };
		124C16D01E05481F007C94EF /* UIImage+fixOrientation.m */ = {isa = PBXFileReference; fileEncoding = 4; lastKnownFileType = sourcecode.c.objc; path = "UIImage+fixOrientation.m"; sourceTree = "<group>"; };
		124C16D21E054827007C94EF /* Tool.h */ = {isa = PBXFileReference; fileEncoding = 4; lastKnownFileType = sourcecode.c.h; path = Tool.h; sourceTree = "<group>"; };
		124C16D31E054827007C94EF /* Tool.m */ = {isa = PBXFileReference; fileEncoding = 4; lastKnownFileType = sourcecode.c.objc; path = Tool.m; sourceTree = "<group>"; };
		124C16D51E05494F007C94EF /* CameraFilterView.h */ = {isa = PBXFileReference; fileEncoding = 4; lastKnownFileType = sourcecode.c.h; path = CameraFilterView.h; sourceTree = "<group>"; };
		124C16D61E05494F007C94EF /* CameraFilterView.m */ = {isa = PBXFileReference; fileEncoding = 4; lastKnownFileType = sourcecode.c.objc; path = CameraFilterView.m; sourceTree = "<group>"; };
		124C16D71E05494F007C94EF /* MTMaskImageView.h */ = {isa = PBXFileReference; fileEncoding = 4; lastKnownFileType = sourcecode.c.h; path = MTMaskImageView.h; sourceTree = "<group>"; };
		124C16D81E05494F007C94EF /* MTMaskImageView.m */ = {isa = PBXFileReference; fileEncoding = 4; lastKnownFileType = sourcecode.c.objc; path = MTMaskImageView.m; sourceTree = "<group>"; };
		124C16DC1E06761C007C94EF /* GPUImageBeautifyFilter.h */ = {isa = PBXFileReference; fileEncoding = 4; lastKnownFileType = sourcecode.c.h; path = GPUImageBeautifyFilter.h; sourceTree = "<group>"; };
		124C16DD1E06761C007C94EF /* GPUImageBeautifyFilter.m */ = {isa = PBXFileReference; fileEncoding = 4; lastKnownFileType = sourcecode.c.objc; path = GPUImageBeautifyFilter.m; sourceTree = "<group>"; };
		12998E0A1E0E434100E9468C /* PAMenuCollectionViewCell.h */ = {isa = PBXFileReference; fileEncoding = 4; lastKnownFileType = sourcecode.c.h; path = PAMenuCollectionViewCell.h; sourceTree = "<group>"; };
		12998E0B1E0E434100E9468C /* PAMenuCollectionViewCell.m */ = {isa = PBXFileReference; fileEncoding = 4; lastKnownFileType = sourcecode.c.objc; path = PAMenuCollectionViewCell.m; sourceTree = "<group>"; };
		12998E141E1212B800E9468C /* PACollectionViewLineLayout.h */ = {isa = PBXFileReference; fileEncoding = 4; lastKnownFileType = sourcecode.c.h; path = PACollectionViewLineLayout.h; sourceTree = "<group>"; };
		12998E151E1212B800E9468C /* PACollectionViewLineLayout.m */ = {isa = PBXFileReference; fileEncoding = 4; lastKnownFileType = sourcecode.c.objc; path = PACollectionViewLineLayout.m; sourceTree = "<group>"; };
		12998E191E1219EA00E9468C /* PACameraFilterCollectionViewCell.h */ = {isa = PBXFileReference; fileEncoding = 4; lastKnownFileType = sourcecode.c.h; path = PACameraFilterCollectionViewCell.h; sourceTree = "<group>"; };
		12998E1A1E1219EA00E9468C /* PACameraFilterCollectionViewCell.m */ = {isa = PBXFileReference; fileEncoding = 4; lastKnownFileType = sourcecode.c.objc; path = PACameraFilterCollectionViewCell.m; sourceTree = "<group>"; };
		12998E1C1E123A2300E9468C /* PACameraFilterCollectionViewCell.xib */ = {isa = PBXFileReference; fileEncoding = 4; lastKnownFileType = file.xib; path = PACameraFilterCollectionViewCell.xib; sourceTree = "<group>"; };
		12E5EFA71E1B61F00048FF4E /* FW1977Filter.h */ = {isa = PBXFileReference; fileEncoding = 4; lastKnownFileType = sourcecode.c.h; path = FW1977Filter.h; sourceTree = "<group>"; };
		12E5EFA81E1B61F00048FF4E /* FW1977Filter.m */ = {isa = PBXFileReference; fileEncoding = 4; lastKnownFileType = sourcecode.c.objc; path = FW1977Filter.m; sourceTree = "<group>"; };
		12E5EFAB1E1B64D30048FF4E /* 1977blowout.png */ = {isa = PBXFileReference; lastKnownFileType = image.png; path = 1977blowout.png; sourceTree = "<group>"; };
		12E5EFAC1E1B64D30048FF4E /* 1977map.png */ = {isa = PBXFileReference; lastKnownFileType = image.png; path = 1977map.png; sourceTree = "<group>"; };
		12E5EFAD1E1B64D30048FF4E /* amaroMap.png */ = {isa = PBXFileReference; lastKnownFileType = image.png; path = amaroMap.png; sourceTree = "<group>"; };
		12E5EFAE1E1B64D30048FF4E /* blackboard1024.png */ = {isa = PBXFileReference; lastKnownFileType = image.png; path = blackboard1024.png; sourceTree = "<group>"; };
		12E5EFAF1E1B64D30048FF4E /* brannanBlowout.png */ = {isa = PBXFileReference; lastKnownFileType = image.png; path = brannanBlowout.png; sourceTree = "<group>"; };
		12E5EFB01E1B64D30048FF4E /* brannanContrast.png */ = {isa = PBXFileReference; lastKnownFileType = image.png; path = brannanContrast.png; sourceTree = "<group>"; };
		12E5EFB11E1B64D30048FF4E /* brannanLuma.png */ = {isa = PBXFileReference; lastKnownFileType = image.png; path = brannanLuma.png; sourceTree = "<group>"; };
		12E5EFB21E1B64D30048FF4E /* brannanProcess.png */ = {isa = PBXFileReference; lastKnownFileType = image.png; path = brannanProcess.png; sourceTree = "<group>"; };
		12E5EFB31E1B64D30048FF4E /* brannanScreen.png */ = {isa = PBXFileReference; lastKnownFileType = image.png; path = brannanScreen.png; sourceTree = "<group>"; };
		12E5EFB41E1B64D30048FF4E /* earlybirdBlowout.png */ = {isa = PBXFileReference; lastKnownFileType = image.png; path = earlybirdBlowout.png; sourceTree = "<group>"; };
		12E5EFB51E1B64D30048FF4E /* earlyBirdCurves.png */ = {isa = PBXFileReference; lastKnownFileType = image.png; path = earlyBirdCurves.png; sourceTree = "<group>"; };
		12E5EFB61E1B64D30048FF4E /* earlybirdMap.png */ = {isa = PBXFileReference; lastKnownFileType = image.png; path = earlybirdMap.png; sourceTree = "<group>"; };
		12E5EFB71E1B64D30048FF4E /* earlybirdOverlayMap.png */ = {isa = PBXFileReference; lastKnownFileType = image.png; path = earlybirdOverlayMap.png; sourceTree = "<group>"; };
		12E5EFB81E1B64D30048FF4E /* edgeBurn.png */ = {isa = PBXFileReference; lastKnownFileType = image.png; path = edgeBurn.png; sourceTree = "<group>"; };
		12E5EFB91E1B64D30048FF4E /* hefeGradientMap.png */ = {isa = PBXFileReference; lastKnownFileType = image.png; path = hefeGradientMap.png; sourceTree = "<group>"; };
		12E5EFBA1E1B64D30048FF4E /* hefeMap.png */ = {isa = PBXFileReference; lastKnownFileType = image.png; path = hefeMap.png; sourceTree = "<group>"; };
		12E5EFBB1E1B64D30048FF4E /* hefeMetal.png */ = {isa = PBXFileReference; lastKnownFileType = image.png; path = hefeMetal.png; sourceTree = "<group>"; };
		12E5EFBC1E1B64D30048FF4E /* hefeSoftLight.png */ = {isa = PBXFileReference; lastKnownFileType = image.png; path = hefeSoftLight.png; sourceTree = "<group>"; };
		12E5EFBD1E1B64D30048FF4E /* hudsonBackground.png */ = {isa = PBXFileReference; lastKnownFileType = image.png; path = hudsonBackground.png; sourceTree = "<group>"; };
		12E5EFBE1E1B64D30048FF4E /* hudsonMap.png */ = {isa = PBXFileReference; lastKnownFileType = image.png; path = hudsonMap.png; sourceTree = "<group>"; };
		12E5EFBF1E1B64D30048FF4E /* inkwellMap.png */ = {isa = PBXFileReference; lastKnownFileType = image.png; path = inkwellMap.png; sourceTree = "<group>"; };
		12E5EFC01E1B64D30048FF4E /* kelvinMap.png */ = {isa = PBXFileReference; lastKnownFileType = image.png; path = kelvinMap.png; sourceTree = "<group>"; };
		12E5EFC11E1B64D30048FF4E /* lomoMap.png */ = {isa = PBXFileReference; lastKnownFileType = image.png; path = lomoMap.png; sourceTree = "<group>"; };
		12E5EFC21E1B64D30048FF4E /* nashvilleMap.png */ = {isa = PBXFileReference; lastKnownFileType = image.png; path = nashvilleMap.png; sourceTree = "<group>"; };
		12E5EFC31E1B64D30048FF4E /* overlayMap.png */ = {isa = PBXFileReference; lastKnownFileType = image.png; path = overlayMap.png; sourceTree = "<group>"; };
		12E5EFC41E1B64D30048FF4E /* riseMap.png */ = {isa = PBXFileReference; lastKnownFileType = image.png; path = riseMap.png; sourceTree = "<group>"; };
		12E5EFC51E1B64D30048FF4E /* sierraMap.png */ = {isa = PBXFileReference; lastKnownFileType = image.png; path = sierraMap.png; sourceTree = "<group>"; };
		12E5EFC61E1B64D30048FF4E /* sierraVignette.png */ = {isa = PBXFileReference; lastKnownFileType = image.png; path = sierraVignette.png; sourceTree = "<group>"; };
		12E5EFC71E1B64D30048FF4E /* softLight.png */ = {isa = PBXFileReference; lastKnownFileType = image.png; path = softLight.png; sourceTree = "<group>"; };
		12E5EFC81E1B64D30048FF4E /* sutroCurves.png */ = {isa = PBXFileReference; lastKnownFileType = image.png; path = sutroCurves.png; sourceTree = "<group>"; };
		12E5EFC91E1B64D30048FF4E /* sutroEdgeBurn.png */ = {isa = PBXFileReference; lastKnownFileType = image.png; path = sutroEdgeBurn.png; sourceTree = "<group>"; };
		12E5EFCA1E1B64D30048FF4E /* sutroMetal.png */ = {isa = PBXFileReference; lastKnownFileType = image.png; path = sutroMetal.png; sourceTree = "<group>"; };
		12E5EFCB1E1B64D30048FF4E /* toasterColorShift.png */ = {isa = PBXFileReference; lastKnownFileType = image.png; path = toasterColorShift.png; sourceTree = "<group>"; };
		12E5EFCC1E1B64D30048FF4E /* toasterCurves.png */ = {isa = PBXFileReference; lastKnownFileType = image.png; path = toasterCurves.png; sourceTree = "<group>"; };
		12E5EFCD1E1B64D30048FF4E /* toasterMetal.png */ = {isa = PBXFileReference; lastKnownFileType = image.png; path = toasterMetal.png; sourceTree = "<group>"; };
		12E5EFCE1E1B64D30048FF4E /* toasterOverlayMapWarm.png */ = {isa = PBXFileReference; lastKnownFileType = image.png; path = toasterOverlayMapWarm.png; sourceTree = "<group>"; };
		12E5EFCF1E1B64D30048FF4E /* toasterSoftLight.png */ = {isa = PBXFileReference; lastKnownFileType = image.png; path = toasterSoftLight.png; sourceTree = "<group>"; };
		12E5EFD01E1B64D30048FF4E /* valenciaGradientMap.png */ = {isa = PBXFileReference; lastKnownFileType = image.png; path = valenciaGradientMap.png; sourceTree = "<group>"; };
		12E5EFD11E1B64D30048FF4E /* valenciaMap.png */ = {isa = PBXFileReference; lastKnownFileType = image.png; path = valenciaMap.png; sourceTree = "<group>"; };
		12E5EFD21E1B64D30048FF4E /* vignetteMap.png */ = {isa = PBXFileReference; lastKnownFileType = image.png; path = vignetteMap.png; sourceTree = "<group>"; };
		12E5EFD31E1B64D30048FF4E /* waldenMap.png */ = {isa = PBXFileReference; lastKnownFileType = image.png; path = waldenMap.png; sourceTree = "<group>"; };
		12E5EFD41E1B64D30048FF4E /* xproMap.png */ = {isa = PBXFileReference; lastKnownFileType = image.png; path = xproMap.png; sourceTree = "<group>"; };
		12E5EFFF1E1B656B0048FF4E /* FWAmaroFilter.h */ = {isa = PBXFileReference; fileEncoding = 4; lastKnownFileType = sourcecode.c.h; path = FWAmaroFilter.h; sourceTree = "<group>"; };
		12E5F0001E1B656B0048FF4E /* FWAmaroFilter.m */ = {isa = PBXFileReference; fileEncoding = 4; lastKnownFileType = sourcecode.c.objc; path = FWAmaroFilter.m; sourceTree = "<group>"; };
		12E5F0011E1B656B0048FF4E /* FWBrannanFilter.h */ = {isa = PBXFileReference; fileEncoding = 4; lastKnownFileType = sourcecode.c.h; path = FWBrannanFilter.h; sourceTree = "<group>"; };
		12E5F0021E1B656B0048FF4E /* FWBrannanFilter.m */ = {isa = PBXFileReference; fileEncoding = 4; lastKnownFileType = sourcecode.c.objc; path = FWBrannanFilter.m; sourceTree = "<group>"; };
		12E5F0031E1B656B0048FF4E /* FWEarlybirdFilter.h */ = {isa = PBXFileReference; fileEncoding = 4; lastKnownFileType = sourcecode.c.h; path = FWEarlybirdFilter.h; sourceTree = "<group>"; };
		12E5F0041E1B656B0048FF4E /* FWEarlybirdFilter.m */ = {isa = PBXFileReference; fileEncoding = 4; lastKnownFileType = sourcecode.c.objc; path = FWEarlybirdFilter.m; sourceTree = "<group>"; };
		12E5F0051E1B656B0048FF4E /* FWFiveInputFilter.h */ = {isa = PBXFileReference; fileEncoding = 4; lastKnownFileType = sourcecode.c.h; path = FWFiveInputFilter.h; sourceTree = "<group>"; };
		12E5F0061E1B656B0048FF4E /* FWFiveInputFilter.m */ = {isa = PBXFileReference; fileEncoding = 4; lastKnownFileType = sourcecode.c.objc; path = FWFiveInputFilter.m; sourceTree = "<group>"; };
		12E5F0071E1B656B0048FF4E /* FWHefeFilter.h */ = {isa = PBXFileReference; fileEncoding = 4; lastKnownFileType = sourcecode.c.h; path = FWHefeFilter.h; sourceTree = "<group>"; };
		12E5F0081E1B656B0048FF4E /* FWHefeFilter.m */ = {isa = PBXFileReference; fileEncoding = 4; lastKnownFileType = sourcecode.c.objc; path = FWHefeFilter.m; sourceTree = "<group>"; };
		12E5F0091E1B656B0048FF4E /* FWHudsonFilter.h */ = {isa = PBXFileReference; fileEncoding = 4; lastKnownFileType = sourcecode.c.h; path = FWHudsonFilter.h; sourceTree = "<group>"; };
		12E5F00A1E1B656B0048FF4E /* FWHudsonFilter.m */ = {isa = PBXFileReference; fileEncoding = 4; lastKnownFileType = sourcecode.c.objc; path = FWHudsonFilter.m; sourceTree = "<group>"; };
		12E5F00B1E1B656B0048FF4E /* FWInkwellFilter.h */ = {isa = PBXFileReference; fileEncoding = 4; lastKnownFileType = sourcecode.c.h; path = FWInkwellFilter.h; sourceTree = "<group>"; };
		12E5F00C1E1B656B0048FF4E /* FWInkwellFilter.m */ = {isa = PBXFileReference; fileEncoding = 4; lastKnownFileType = sourcecode.c.objc; path = FWInkwellFilter.m; sourceTree = "<group>"; };
		12E5F00D1E1B656B0048FF4E /* FWLomofiFilter.h */ = {isa = PBXFileReference; fileEncoding = 4; lastKnownFileType = sourcecode.c.h; path = FWLomofiFilter.h; sourceTree = "<group>"; };
		12E5F00E1E1B656B0048FF4E /* FWLomofiFilter.m */ = {isa = PBXFileReference; fileEncoding = 4; lastKnownFileType = sourcecode.c.objc; path = FWLomofiFilter.m; sourceTree = "<group>"; };
		12E5F00F1E1B656B0048FF4E /* FWLordKelvinFilter.h */ = {isa = PBXFileReference; fileEncoding = 4; lastKnownFileType = sourcecode.c.h; path = FWLordKelvinFilter.h; sourceTree = "<group>"; };
		12E5F0101E1B656B0048FF4E /* FWLordKelvinFilter.m */ = {isa = PBXFileReference; fileEncoding = 4; lastKnownFileType = sourcecode.c.objc; path = FWLordKelvinFilter.m; sourceTree = "<group>"; };
		12E5F0111E1B656B0048FF4E /* FWNashvilleFilter.h */ = {isa = PBXFileReference; fileEncoding = 4; lastKnownFileType = sourcecode.c.h; path = FWNashvilleFilter.h; sourceTree = "<group>"; };
		12E5F0121E1B656B0048FF4E /* FWNashvilleFilter.m */ = {isa = PBXFileReference; fileEncoding = 4; lastKnownFileType = sourcecode.c.objc; path = FWNashvilleFilter.m; sourceTree = "<group>"; };
		12E5F0131E1B656B0048FF4E /* FWRiseFilter.h */ = {isa = PBXFileReference; fileEncoding = 4; lastKnownFileType = sourcecode.c.h; path = FWRiseFilter.h; sourceTree = "<group>"; };
		12E5F0141E1B656B0048FF4E /* FWRiseFilter.m */ = {isa = PBXFileReference; fileEncoding = 4; lastKnownFileType = sourcecode.c.objc; path = FWRiseFilter.m; sourceTree = "<group>"; };
		12E5F0151E1B656B0048FF4E /* FWSierraFilter.h */ = {isa = PBXFileReference; fileEncoding = 4; lastKnownFileType = sourcecode.c.h; path = FWSierraFilter.h; sourceTree = "<group>"; };
		12E5F0161E1B656B0048FF4E /* FWSierraFilter.m */ = {isa = PBXFileReference; fileEncoding = 4; lastKnownFileType = sourcecode.c.objc; path = FWSierraFilter.m; sourceTree = "<group>"; };
		12E5F0171E1B656B0048FF4E /* FWSixInputFilter.h */ = {isa = PBXFileReference; fileEncoding = 4; lastKnownFileType = sourcecode.c.h; path = FWSixInputFilter.h; sourceTree = "<group>"; };
		12E5F0181E1B656B0048FF4E /* FWSixInputFilter.m */ = {isa = PBXFileReference; fileEncoding = 4; lastKnownFileType = sourcecode.c.objc; path = FWSixInputFilter.m; sourceTree = "<group>"; };
		12E5F0191E1B656B0048FF4E /* FWSutroFilter.h */ = {isa = PBXFileReference; fileEncoding = 4; lastKnownFileType = sourcecode.c.h; path = FWSutroFilter.h; sourceTree = "<group>"; };
		12E5F01A1E1B656B0048FF4E /* FWSutroFilter.m */ = {isa = PBXFileReference; fileEncoding = 4; lastKnownFileType = sourcecode.c.objc; path = FWSutroFilter.m; sourceTree = "<group>"; };
		12E5F01B1E1B656B0048FF4E /* FWToasterFilter.h */ = {isa = PBXFileReference; fileEncoding = 4; lastKnownFileType = sourcecode.c.h; path = FWToasterFilter.h; sourceTree = "<group>"; };
		12E5F01C1E1B656B0048FF4E /* FWToasterFilter.m */ = {isa = PBXFileReference; fileEncoding = 4; lastKnownFileType = sourcecode.c.objc; path = FWToasterFilter.m; sourceTree = "<group>"; };
		12E5F01D1E1B656B0048FF4E /* FWValenciaFilter.h */ = {isa = PBXFileReference; fileEncoding = 4; lastKnownFileType = sourcecode.c.h; path = FWValenciaFilter.h; sourceTree = "<group>"; };
		12E5F01E1E1B656B0048FF4E /* FWValenciaFilter.m */ = {isa = PBXFileReference; fileEncoding = 4; lastKnownFileType = sourcecode.c.objc; path = FWValenciaFilter.m; sourceTree = "<group>"; };
		12E5F01F1E1B656B0048FF4E /* FWWaldenFilter.h */ = {isa = PBXFileReference; fileEncoding = 4; lastKnownFileType = sourcecode.c.h; path = FWWaldenFilter.h; sourceTree = "<group>"; };
		12E5F0201E1B656B0048FF4E /* FWWaldenFilter.m */ = {isa = PBXFileReference; fileEncoding = 4; lastKnownFileType = sourcecode.c.objc; path = FWWaldenFilter.m; sourceTree = "<group>"; };
		12E5F0211E1B656B0048FF4E /* FWXproIIFilter.h */ = {isa = PBXFileReference; fileEncoding = 4; lastKnownFileType = sourcecode.c.h; path = FWXproIIFilter.h; sourceTree = "<group>"; };
		12E5F0221E1B656B0048FF4E /* FWXproIIFilter.m */ = {isa = PBXFileReference; fileEncoding = 4; lastKnownFileType = sourcecode.c.objc; path = FWXproIIFilter.m; sourceTree = "<group>"; };
/* End PBXFileReference section */

/* Begin PBXFrameworksBuildPhase section */
		124C165D1E052646007C94EF /* Frameworks */ = {
			isa = PBXFrameworksBuildPhase;
			buildActionMask = 2147483647;
			files = (
				124C16AD1E0526D3007C94EF /* QuartzCore.framework in Frameworks */,
				124C16AB1E0526CB007C94EF /* AVFoundation.framework in Frameworks */,
				124C16A91E0526C5007C94EF /* OpenGLES.framework in Frameworks */,
				124C16A71E0526BA007C94EF /* CoreVideo.framework in Frameworks */,
				124C16A51E0526B2007C94EF /* CoreMedia.framework in Frameworks */,
				124C16A21E0526A5007C94EF /* libGPUImage.a in Frameworks */,
			);
			runOnlyForDeploymentPostprocessing = 0;
		};
		124C16761E052646007C94EF /* Frameworks */ = {
			isa = PBXFrameworksBuildPhase;
			buildActionMask = 2147483647;
			files = (
			);
			runOnlyForDeploymentPostprocessing = 0;
		};
		124C16811E052646007C94EF /* Frameworks */ = {
			isa = PBXFrameworksBuildPhase;
			buildActionMask = 2147483647;
			files = (
			);
			runOnlyForDeploymentPostprocessing = 0;
		};
/* End PBXFrameworksBuildPhase section */

/* Begin PBXGroup section */
		124C16571E052646007C94EF = {
			isa = PBXGroup;
			children = (
				124C16961E052662007C94EF /* GPUImage.xcodeproj */,
				124C16621E052646007C94EF /* PineAppleCamera */,
				124C167C1E052646007C94EF /* PineAppleCameraTests */,
				124C16871E052646007C94EF /* PineAppleCameraUITests */,
				124C16611E052646007C94EF /* Products */,
				124C16A31E0526B2007C94EF /* Frameworks */,
			);
			sourceTree = "<group>";
		};
		124C16611E052646007C94EF /* Products */ = {
			isa = PBXGroup;
			children = (
				124C16601E052646007C94EF /* PineAppleCamera.app */,
				124C16791E052646007C94EF /* PineAppleCameraTests.xctest */,
				124C16841E052646007C94EF /* PineAppleCameraUITests.xctest */,
			);
			name = Products;
			sourceTree = "<group>";
		};
		124C16621E052646007C94EF /* PineAppleCamera */ = {
			isa = PBXGroup;
			children = (
				124C16B41E052F45007C94EF /* General */,
				124C16AE1E052E84007C94EF /* Macro */,
				124C16AF1E052E84007C94EF /* Main */,
				124C16B01E052E84007C94EF /* Models */,
				124C16B11E052E84007C94EF /* Network */,
				124C16B21E052E84007C94EF /* Resources */,
				124C16B31E052E84007C94EF /* Utils */,
				124C16661E052646007C94EF /* AppDelegate.h */,
				124C16671E052646007C94EF /* AppDelegate.m */,
				124C16711E052646007C94EF /* LaunchScreen.storyboard */,
				124C16741E052646007C94EF /* Info.plist */,
				124C16631E052646007C94EF /* Supporting Files */,
			);
			path = PineAppleCamera;
			sourceTree = "<group>";
		};
		124C16631E052646007C94EF /* Supporting Files */ = {
			isa = PBXGroup;
			children = (
				124C16641E052646007C94EF /* main.m */,
			);
			name = "Supporting Files";
			sourceTree = "<group>";
		};
		124C167C1E052646007C94EF /* PineAppleCameraTests */ = {
			isa = PBXGroup;
			children = (
				124C167D1E052646007C94EF /* PineAppleCameraTests.m */,
				124C167F1E052646007C94EF /* Info.plist */,
			);
			path = PineAppleCameraTests;
			sourceTree = "<group>";
		};
		124C16871E052646007C94EF /* PineAppleCameraUITests */ = {
			isa = PBXGroup;
			children = (
				124C16881E052646007C94EF /* PineAppleCameraUITests.m */,
				124C168A1E052646007C94EF /* Info.plist */,
			);
			path = PineAppleCameraUITests;
			sourceTree = "<group>";
		};
		124C16971E052662007C94EF /* Products */ = {
			isa = PBXGroup;
			children = (
				124C169D1E052663007C94EF /* libGPUImage.a */,
				124C169F1E052663007C94EF /* GPUImage.framework */,
			);
			name = Products;
			sourceTree = "<group>";
		};
		124C16A31E0526B2007C94EF /* Frameworks */ = {
			isa = PBXGroup;
			children = (
				124C16AC1E0526D3007C94EF /* QuartzCore.framework */,
				124C16AA1E0526CB007C94EF /* AVFoundation.framework */,
				124C16A81E0526C5007C94EF /* OpenGLES.framework */,
				124C16A61E0526BA007C94EF /* CoreVideo.framework */,
				124C16A41E0526B2007C94EF /* CoreMedia.framework */,
			);
			name = Frameworks;
			sourceTree = "<group>";
		};
		124C16AE1E052E84007C94EF /* Macro */ = {
			isa = PBXGroup;
			children = (
				124C16C31E053788007C94EF /* PAUtilsMacro.h */,
				124C16C41E0539BD007C94EF /* PAStaticMacro.h */,
				124C16C81E053C01007C94EF /* PAEnumMacro.h */,
			);
			path = Macro;
			sourceTree = "<group>";
		};
		124C16AF1E052E84007C94EF /* Main */ = {
			isa = PBXGroup;
			children = (
				124C16BC1E053653007C94EF /* Camera */,
			);
			path = Main;
			sourceTree = "<group>";
		};
		124C16B01E052E84007C94EF /* Models */ = {
			isa = PBXGroup;
			children = (
			);
			path = Models;
			sourceTree = "<group>";
		};
		124C16B11E052E84007C94EF /* Network */ = {
			isa = PBXGroup;
			children = (
			);
			path = Network;
			sourceTree = "<group>";
		};
		124C16B21E052E84007C94EF /* Resources */ = {
			isa = PBXGroup;
			children = (
				12E5EFAA1E1B64D30048FF4E /* filterImages */,
				124C166F1E052646007C94EF /* Assets.xcassets */,
				124C16B81E052F54007C94EF /* storyboards */,
				124C16B91E052F54007C94EF /* xibs */,
			);
			path = Resources;
			sourceTree = "<group>";
		};
		124C16B31E052E84007C94EF /* Utils */ = {
			isa = PBXGroup;
			children = (
			);
			path = Utils;
			sourceTree = "<group>";
		};
		124C16B41E052F45007C94EF /* General */ = {
			isa = PBXGroup;
			children = (
				124C16B51E052F45007C94EF /* Categories */,
				124C16B61E052F45007C94EF /* Manager */,
				124C16B71E052F45007C94EF /* Utils */,
			);
			path = General;
			sourceTree = "<group>";
		};
		124C16B51E052F45007C94EF /* Categories */ = {
			isa = PBXGroup;
			children = (
				124C16CF1E05481F007C94EF /* UIImage+fixOrientation.h */,
				124C16D01E05481F007C94EF /* UIImage+fixOrientation.m */,
			);
			path = Categories;
			sourceTree = "<group>";
		};
		124C16B61E052F45007C94EF /* Manager */ = {
			isa = PBXGroup;
			children = (
			);
			path = Manager;
			sourceTree = "<group>";
		};
		124C16B71E052F45007C94EF /* Utils */ = {
			isa = PBXGroup;
			children = (
				124C16D21E054827007C94EF /* Tool.h */,
				124C16D31E054827007C94EF /* Tool.m */,
			);
			path = Utils;
			sourceTree = "<group>";
		};
		124C16B81E052F54007C94EF /* storyboards */ = {
			isa = PBXGroup;
			children = (
				124C16BA1E05352C007C94EF /* PineAppleCameraStoryboard.storyboard */,
			);
			path = storyboards;
			sourceTree = "<group>";
		};
		124C16B91E052F54007C94EF /* xibs */ = {
			isa = PBXGroup;
			children = (
			);
			path = xibs;
			sourceTree = "<group>";
		};
		124C16BC1E053653007C94EF /* Camera */ = {
			isa = PBXGroup;
			children = (
				124C16BD1E053653007C94EF /* Controller */,
				124C16BE1E053653007C94EF /* Model */,
				124C16BF1E053653007C94EF /* View */,
			);
			path = Camera;
			sourceTree = "<group>";
		};
		124C16BD1E053653007C94EF /* Controller */ = {
			isa = PBXGroup;
			children = (
				124C16C01E05367C007C94EF /* PACameraViewController.h */,
				124C16C11E05367C007C94EF /* PACameraViewController.m */,
				124C16CC1E05440E007C94EF /* PACheckPhotoViewController.h */,
				124C16CD1E05440E007C94EF /* PACheckPhotoViewController.m */,
			);
			path = Controller;
			sourceTree = "<group>";
		};
		124C16BE1E053653007C94EF /* Model */ = {
			isa = PBXGroup;
			children = (
				124C16DB1E067604007C94EF /* Filters */,
				124C16C51E053BA5007C94EF /* PAStillCamera.h */,
				124C16C61E053BA5007C94EF /* PAStillCamera.m */,
			);
			path = Model;
			sourceTree = "<group>";
		};
		124C16BF1E053653007C94EF /* View */ = {
			isa = PBXGroup;
			children = (
				12998E0A1E0E434100E9468C /* PAMenuCollectionViewCell.h */,
				12998E0B1E0E434100E9468C /* PAMenuCollectionViewCell.m */,
				12998E141E1212B800E9468C /* PACollectionViewLineLayout.h */,
				12998E151E1212B800E9468C /* PACollectionViewLineLayout.m */,
				124C16D51E05494F007C94EF /* CameraFilterView.h */,
				124C16D61E05494F007C94EF /* CameraFilterView.m */,
				124C16D71E05494F007C94EF /* MTMaskImageView.h */,
				124C16D81E05494F007C94EF /* MTMaskImageView.m */,
				124C16C91E05429C007C94EF /* MTBubbleButton.h */,
				124C16CA1E05429C007C94EF /* MTBubbleButton.m */,
				12998E191E1219EA00E9468C /* PACameraFilterCollectionViewCell.h */,
				12998E1A1E1219EA00E9468C /* PACameraFilterCollectionViewCell.m */,
				12998E1C1E123A2300E9468C /* PACameraFilterCollectionViewCell.xib */,
			);
			path = View;
			sourceTree = "<group>";
		};
		124C16DB1E067604007C94EF /* Filters */ = {
			isa = PBXGroup;
			children = (
				12E5EFFF1E1B656B0048FF4E /* FWAmaroFilter.h */,
				12E5F0001E1B656B0048FF4E /* FWAmaroFilter.m */,
				12E5F0011E1B656B0048FF4E /* FWBrannanFilter.h */,
				12E5F0021E1B656B0048FF4E /* FWBrannanFilter.m */,
				12E5F0031E1B656B0048FF4E /* FWEarlybirdFilter.h */,
				12E5F0041E1B656B0048FF4E /* FWEarlybirdFilter.m */,
				12E5F0051E1B656B0048FF4E /* FWFiveInputFilter.h */,
				12E5F0061E1B656B0048FF4E /* FWFiveInputFilter.m */,
				12E5F0071E1B656B0048FF4E /* FWHefeFilter.h */,
				12E5F0081E1B656B0048FF4E /* FWHefeFilter.m */,
				12E5F0091E1B656B0048FF4E /* FWHudsonFilter.h */,
				12E5F00A1E1B656B0048FF4E /* FWHudsonFilter.m */,
				12E5F00B1E1B656B0048FF4E /* FWInkwellFilter.h */,
				12E5F00C1E1B656B0048FF4E /* FWInkwellFilter.m */,
				12E5F00D1E1B656B0048FF4E /* FWLomofiFilter.h */,
				12E5F00E1E1B656B0048FF4E /* FWLomofiFilter.m */,
				12E5F00F1E1B656B0048FF4E /* FWLordKelvinFilter.h */,
				12E5F0101E1B656B0048FF4E /* FWLordKelvinFilter.m */,
				12E5F0111E1B656B0048FF4E /* FWNashvilleFilter.h */,
				12E5F0121E1B656B0048FF4E /* FWNashvilleFilter.m */,
				12E5F0131E1B656B0048FF4E /* FWRiseFilter.h */,
				12E5F0141E1B656B0048FF4E /* FWRiseFilter.m */,
				12E5F0151E1B656B0048FF4E /* FWSierraFilter.h */,
				12E5F0161E1B656B0048FF4E /* FWSierraFilter.m */,
				12E5F0171E1B656B0048FF4E /* FWSixInputFilter.h */,
				12E5F0181E1B656B0048FF4E /* FWSixInputFilter.m */,
				12E5F0191E1B656B0048FF4E /* FWSutroFilter.h */,
				12E5F01A1E1B656B0048FF4E /* FWSutroFilter.m */,
				12E5F01B1E1B656B0048FF4E /* FWToasterFilter.h */,
				12E5F01C1E1B656B0048FF4E /* FWToasterFilter.m */,
				12E5F01D1E1B656B0048FF4E /* FWValenciaFilter.h */,
				12E5F01E1E1B656B0048FF4E /* FWValenciaFilter.m */,
				12E5F01F1E1B656B0048FF4E /* FWWaldenFilter.h */,
				12E5F0201E1B656B0048FF4E /* FWWaldenFilter.m */,
				12E5F0211E1B656B0048FF4E /* FWXproIIFilter.h */,
				12E5F0221E1B656B0048FF4E /* FWXproIIFilter.m */,
				12E5EFA71E1B61F00048FF4E /* FW1977Filter.h */,
				12E5EFA81E1B61F00048FF4E /* FW1977Filter.m */,
				124C16DC1E06761C007C94EF /* GPUImageBeautifyFilter.h */,
				124C16DD1E06761C007C94EF /* GPUImageBeautifyFilter.m */,
			);
			path = Filters;
			sourceTree = "<group>";
		};
		12E5EFAA1E1B64D30048FF4E /* filterImages */ = {
			isa = PBXGroup;
			children = (
				12E5EFAB1E1B64D30048FF4E /* 1977blowout.png */,
				12E5EFAC1E1B64D30048FF4E /* 1977map.png */,
				12E5EFAD1E1B64D30048FF4E /* amaroMap.png */,
				12E5EFAE1E1B64D30048FF4E /* blackboard1024.png */,
				12E5EFAF1E1B64D30048FF4E /* brannanBlowout.png */,
				12E5EFB01E1B64D30048FF4E /* brannanContrast.png */,
				12E5EFB11E1B64D30048FF4E /* brannanLuma.png */,
				12E5EFB21E1B64D30048FF4E /* brannanProcess.png */,
				12E5EFB31E1B64D30048FF4E /* brannanScreen.png */,
				12E5EFB41E1B64D30048FF4E /* earlybirdBlowout.png */,
				12E5EFB51E1B64D30048FF4E /* earlyBirdCurves.png */,
				12E5EFB61E1B64D30048FF4E /* earlybirdMap.png */,
				12E5EFB71E1B64D30048FF4E /* earlybirdOverlayMap.png */,
				12E5EFB81E1B64D30048FF4E /* edgeBurn.png */,
				12E5EFB91E1B64D30048FF4E /* hefeGradientMap.png */,
				12E5EFBA1E1B64D30048FF4E /* hefeMap.png */,
				12E5EFBB1E1B64D30048FF4E /* hefeMetal.png */,
				12E5EFBC1E1B64D30048FF4E /* hefeSoftLight.png */,
				12E5EFBD1E1B64D30048FF4E /* hudsonBackground.png */,
				12E5EFBE1E1B64D30048FF4E /* hudsonMap.png */,
				12E5EFBF1E1B64D30048FF4E /* inkwellMap.png */,
				12E5EFC01E1B64D30048FF4E /* kelvinMap.png */,
				12E5EFC11E1B64D30048FF4E /* lomoMap.png */,
				12E5EFC21E1B64D30048FF4E /* nashvilleMap.png */,
				12E5EFC31E1B64D30048FF4E /* overlayMap.png */,
				12E5EFC41E1B64D30048FF4E /* riseMap.png */,
				12E5EFC51E1B64D30048FF4E /* sierraMap.png */,
				12E5EFC61E1B64D30048FF4E /* sierraVignette.png */,
				12E5EFC71E1B64D30048FF4E /* softLight.png */,
				12E5EFC81E1B64D30048FF4E /* sutroCurves.png */,
				12E5EFC91E1B64D30048FF4E /* sutroEdgeBurn.png */,
				12E5EFCA1E1B64D30048FF4E /* sutroMetal.png */,
				12E5EFCB1E1B64D30048FF4E /* toasterColorShift.png */,
				12E5EFCC1E1B64D30048FF4E /* toasterCurves.png */,
				12E5EFCD1E1B64D30048FF4E /* toasterMetal.png */,
				12E5EFCE1E1B64D30048FF4E /* toasterOverlayMapWarm.png */,
				12E5EFCF1E1B64D30048FF4E /* toasterSoftLight.png */,
				12E5EFD01E1B64D30048FF4E /* valenciaGradientMap.png */,
				12E5EFD11E1B64D30048FF4E /* valenciaMap.png */,
				12E5EFD21E1B64D30048FF4E /* vignetteMap.png */,
				12E5EFD31E1B64D30048FF4E /* waldenMap.png */,
				12E5EFD41E1B64D30048FF4E /* xproMap.png */,
			);
			path = filterImages;
			sourceTree = "<group>";
		};
/* End PBXGroup section */

/* Begin PBXNativeTarget section */
		124C165F1E052646007C94EF /* PineAppleCamera */ = {
			isa = PBXNativeTarget;
			buildConfigurationList = 124C168D1E052646007C94EF /* Build configuration list for PBXNativeTarget "PineAppleCamera" */;
			buildPhases = (
				124C165C1E052646007C94EF /* Sources */,
				124C165D1E052646007C94EF /* Frameworks */,
				124C165E1E052646007C94EF /* Resources */,
			);
			buildRules = (
			);
			dependencies = (
				124C16A11E052699007C94EF /* PBXTargetDependency */,
			);
			name = PineAppleCamera;
			productName = PineAppleCamera;
			productReference = 124C16601E052646007C94EF /* PineAppleCamera.app */;
			productType = "com.apple.product-type.application";
		};
		124C16781E052646007C94EF /* PineAppleCameraTests */ = {
			isa = PBXNativeTarget;
			buildConfigurationList = 124C16901E052646007C94EF /* Build configuration list for PBXNativeTarget "PineAppleCameraTests" */;
			buildPhases = (
				124C16751E052646007C94EF /* Sources */,
				124C16761E052646007C94EF /* Frameworks */,
				124C16771E052646007C94EF /* Resources */,
			);
			buildRules = (
			);
			dependencies = (
				124C167B1E052646007C94EF /* PBXTargetDependency */,
			);
			name = PineAppleCameraTests;
			productName = PineAppleCameraTests;
			productReference = 124C16791E052646007C94EF /* PineAppleCameraTests.xctest */;
			productType = "com.apple.product-type.bundle.unit-test";
		};
		124C16831E052646007C94EF /* PineAppleCameraUITests */ = {
			isa = PBXNativeTarget;
			buildConfigurationList = 124C16931E052646007C94EF /* Build configuration list for PBXNativeTarget "PineAppleCameraUITests" */;
			buildPhases = (
				124C16801E052646007C94EF /* Sources */,
				124C16811E052646007C94EF /* Frameworks */,
				124C16821E052646007C94EF /* Resources */,
			);
			buildRules = (
			);
			dependencies = (
				124C16861E052646007C94EF /* PBXTargetDependency */,
			);
			name = PineAppleCameraUITests;
			productName = PineAppleCameraUITests;
			productReference = 124C16841E052646007C94EF /* PineAppleCameraUITests.xctest */;
			productType = "com.apple.product-type.bundle.ui-testing";
		};
/* End PBXNativeTarget section */

/* Begin PBXProject section */
		124C16581E052646007C94EF /* Project object */ = {
			isa = PBXProject;
			attributes = {
				LastUpgradeCheck = 0810;
				ORGANIZATIONNAME = "zj－db0737";
				TargetAttributes = {
					124C165F1E052646007C94EF = {
						CreatedOnToolsVersion = 8.1;
						DevelopmentTeam = ZA747HXW4Q;
						ProvisioningStyle = Automatic;
					};
					124C16781E052646007C94EF = {
						CreatedOnToolsVersion = 8.1;
						DevelopmentTeam = ZA747HXW4Q;
						ProvisioningStyle = Automatic;
						TestTargetID = 124C165F1E052646007C94EF;
					};
					124C16831E052646007C94EF = {
						CreatedOnToolsVersion = 8.1;
						DevelopmentTeam = ZA747HXW4Q;
						ProvisioningStyle = Automatic;
						TestTargetID = 124C165F1E052646007C94EF;
					};
				};
			};
			buildConfigurationList = 124C165B1E052646007C94EF /* Build configuration list for PBXProject "PineAppleCamera" */;
			compatibilityVersion = "Xcode 3.2";
			developmentRegion = English;
			hasScannedForEncodings = 0;
			knownRegions = (
				en,
				Base,
			);
			mainGroup = 124C16571E052646007C94EF;
			productRefGroup = 124C16611E052646007C94EF /* Products */;
			projectDirPath = "";
			projectReferences = (
				{
					ProductGroup = 124C16971E052662007C94EF /* Products */;
					ProjectRef = 124C16961E052662007C94EF /* GPUImage.xcodeproj */;
				},
			);
			projectRoot = "";
			targets = (
				124C165F1E052646007C94EF /* PineAppleCamera */,
				124C16781E052646007C94EF /* PineAppleCameraTests */,
				124C16831E052646007C94EF /* PineAppleCameraUITests */,
			);
		};
/* End PBXProject section */

/* Begin PBXReferenceProxy section */
		124C169D1E052663007C94EF /* libGPUImage.a */ = {
			isa = PBXReferenceProxy;
			fileType = archive.ar;
			path = libGPUImage.a;
			remoteRef = 124C169C1E052663007C94EF /* PBXContainerItemProxy */;
			sourceTree = BUILT_PRODUCTS_DIR;
		};
		124C169F1E052663007C94EF /* GPUImage.framework */ = {
			isa = PBXReferenceProxy;
			fileType = wrapper.framework;
			path = GPUImage.framework;
			remoteRef = 124C169E1E052663007C94EF /* PBXContainerItemProxy */;
			sourceTree = BUILT_PRODUCTS_DIR;
		};
/* End PBXReferenceProxy section */

/* Begin PBXResourcesBuildPhase section */
		124C165E1E052646007C94EF /* Resources */ = {
			isa = PBXResourcesBuildPhase;
			buildActionMask = 2147483647;
			files = (
				12E5EFEF1E1B64D30048FF4E /* sierraMap.png in Resources */,
				12E5EFFD1E1B64D30048FF4E /* waldenMap.png in Resources */,
				12E5EFE41E1B64D30048FF4E /* hefeMap.png in Resources */,
				12E5EFE51E1B64D30048FF4E /* hefeMetal.png in Resources */,
				12E5EFDD1E1B64D30048FF4E /* brannanScreen.png in Resources */,
				12E5EFF61E1B64D30048FF4E /* toasterCurves.png in Resources */,
				12E5EFFA1E1B64D30048FF4E /* valenciaGradientMap.png in Resources */,
				12E5EFE71E1B64D30048FF4E /* hudsonBackground.png in Resources */,
				12E5EFD61E1B64D30048FF4E /* 1977map.png in Resources */,
				12E5EFE61E1B64D30048FF4E /* hefeSoftLight.png in Resources */,
				12E5EFD81E1B64D30048FF4E /* blackboard1024.png in Resources */,
				12E5EFFC1E1B64D30048FF4E /* vignetteMap.png in Resources */,
				12E5EFE81E1B64D30048FF4E /* hudsonMap.png in Resources */,
				12E5EFF31E1B64D30048FF4E /* sutroEdgeBurn.png in Resources */,
				12E5EFDE1E1B64D30048FF4E /* earlybirdBlowout.png in Resources */,
				12E5EFF11E1B64D30048FF4E /* softLight.png in Resources */,
				12998E1D1E123A2300E9468C /* PACameraFilterCollectionViewCell.xib in Resources */,
				124C16731E052646007C94EF /* LaunchScreen.storyboard in Resources */,
				12E5EFDC1E1B64D30048FF4E /* brannanProcess.png in Resources */,
				12E5EFDA1E1B64D30048FF4E /* brannanContrast.png in Resources */,
				12E5EFE91E1B64D30048FF4E /* inkwellMap.png in Resources */,
				12E5EFF71E1B64D30048FF4E /* toasterMetal.png in Resources */,
				12E5EFF41E1B64D30048FF4E /* sutroMetal.png in Resources */,
				124C16701E052646007C94EF /* Assets.xcassets in Resources */,
				12E5EFF81E1B64D30048FF4E /* toasterOverlayMapWarm.png in Resources */,
				12E5EFDF1E1B64D30048FF4E /* earlyBirdCurves.png in Resources */,
				12E5EFF01E1B64D30048FF4E /* sierraVignette.png in Resources */,
				12E5EFD71E1B64D30048FF4E /* amaroMap.png in Resources */,
				124C16BB1E05352C007C94EF /* PineAppleCameraStoryboard.storyboard in Resources */,
				12E5EFF51E1B64D30048FF4E /* toasterColorShift.png in Resources */,
				12E5EFF21E1B64D30048FF4E /* sutroCurves.png in Resources */,
				12E5EFD51E1B64D30048FF4E /* 1977blowout.png in Resources */,
				12E5EFEC1E1B64D30048FF4E /* nashvilleMap.png in Resources */,
				12E5EFEA1E1B64D30048FF4E /* kelvinMap.png in Resources */,
				12E5EFE11E1B64D30048FF4E /* earlybirdOverlayMap.png in Resources */,
				12E5EFFE1E1B64D30048FF4E /* xproMap.png in Resources */,
				12E5EFF91E1B64D30048FF4E /* toasterSoftLight.png in Resources */,
				12E5EFEB1E1B64D30048FF4E /* lomoMap.png in Resources */,
				12E5EFFB1E1B64D30048FF4E /* valenciaMap.png in Resources */,
				12E5EFDB1E1B64D30048FF4E /* brannanLuma.png in Resources */,
				12E5EFE21E1B64D30048FF4E /* edgeBurn.png in Resources */,
				12E5EFD91E1B64D30048FF4E /* brannanBlowout.png in Resources */,
				12E5EFE31E1B64D30048FF4E /* hefeGradientMap.png in Resources */,
				12E5EFE01E1B64D30048FF4E /* earlybirdMap.png in Resources */,
				12E5EFED1E1B64D30048FF4E /* overlayMap.png in Resources */,
				12E5EFEE1E1B64D30048FF4E /* riseMap.png in Resources */,
			);
			runOnlyForDeploymentPostprocessing = 0;
		};
		124C16771E052646007C94EF /* Resources */ = {
			isa = PBXResourcesBuildPhase;
			buildActionMask = 2147483647;
			files = (
			);
			runOnlyForDeploymentPostprocessing = 0;
		};
		124C16821E052646007C94EF /* Resources */ = {
			isa = PBXResourcesBuildPhase;
			buildActionMask = 2147483647;
			files = (
			);
			runOnlyForDeploymentPostprocessing = 0;
		};
/* End PBXResourcesBuildPhase section */

/* Begin PBXSourcesBuildPhase section */
		124C165C1E052646007C94EF /* Sources */ = {
			isa = PBXSourcesBuildPhase;
			buildActionMask = 2147483647;
			files = (
				124C16C71E053BA5007C94EF /* PAStillCamera.m in Sources */,
				124C16D11E05481F007C94EF /* UIImage+fixOrientation.m in Sources */,
				12998E1B1E1219EA00E9468C /* PACameraFilterCollectionViewCell.m in Sources */,
				12E5F0251E1B656B0048FF4E /* FWEarlybirdFilter.m in Sources */,
				12E5F02B1E1B656B0048FF4E /* FWLordKelvinFilter.m in Sources */,
				124C16CE1E05440E007C94EF /* PACheckPhotoViewController.m in Sources */,
				124C16681E052646007C94EF /* AppDelegate.m in Sources */,
				12E5F0311E1B656B0048FF4E /* FWToasterFilter.m in Sources */,
				12E5F02C1E1B656B0048FF4E /* FWNashvilleFilter.m in Sources */,
				12E5F0331E1B656B0048FF4E /* FWWaldenFilter.m in Sources */,
				12E5F0281E1B656B0048FF4E /* FWHudsonFilter.m in Sources */,
				12E5F0261E1B656B0048FF4E /* FWFiveInputFilter.m in Sources */,
				124C16C21E05367C007C94EF /* PACameraViewController.m in Sources */,
				124C16D91E05494F007C94EF /* CameraFilterView.m in Sources */,
				124C16DE1E06761C007C94EF /* GPUImageBeautifyFilter.m in Sources */,
				12E5F02D1E1B656B0048FF4E /* FWRiseFilter.m in Sources */,
				12998E161E1212B800E9468C /* PACollectionViewLineLayout.m in Sources */,
				12E5F0241E1B656B0048FF4E /* FWBrannanFilter.m in Sources */,
				12E5F0271E1B656B0048FF4E /* FWHefeFilter.m in Sources */,
				12E5F02A1E1B656B0048FF4E /* FWLomofiFilter.m in Sources */,
				124C16651E052646007C94EF /* main.m in Sources */,
				12E5F0341E1B656B0048FF4E /* FWXproIIFilter.m in Sources */,
				12E5EFA91E1B61F00048FF4E /* FW1977Filter.m in Sources */,
				12E5F02F1E1B656B0048FF4E /* FWSixInputFilter.m in Sources */,
				124C16CB1E05429C007C94EF /* MTBubbleButton.m in Sources */,
				124C16D41E054827007C94EF /* Tool.m in Sources */,
				12E5F0321E1B656B0048FF4E /* FWValenciaFilter.m in Sources */,
				12E5F0231E1B656B0048FF4E /* FWAmaroFilter.m in Sources */,
				12E5F0291E1B656B0048FF4E /* FWInkwellFilter.m in Sources */,
				12E5F02E1E1B656B0048FF4E /* FWSierraFilter.m in Sources */,
				12998E0C1E0E434100E9468C /* PAMenuCollectionViewCell.m in Sources */,
				124C16DA1E05494F007C94EF /* MTMaskImageView.m in Sources */,
				12E5F0301E1B656B0048FF4E /* FWSutroFilter.m in Sources */,
			);
			runOnlyForDeploymentPostprocessing = 0;
		};
		124C16751E052646007C94EF /* Sources */ = {
			isa = PBXSourcesBuildPhase;
			buildActionMask = 2147483647;
			files = (
				124C167E1E052646007C94EF /* PineAppleCameraTests.m in Sources */,
			);
			runOnlyForDeploymentPostprocessing = 0;
		};
		124C16801E052646007C94EF /* Sources */ = {
			isa = PBXSourcesBuildPhase;
			buildActionMask = 2147483647;
			files = (
				124C16891E052646007C94EF /* PineAppleCameraUITests.m in Sources */,
			);
			runOnlyForDeploymentPostprocessing = 0;
		};
/* End PBXSourcesBuildPhase section */

/* Begin PBXTargetDependency section */
		124C167B1E052646007C94EF /* PBXTargetDependency */ = {
			isa = PBXTargetDependency;
			target = 124C165F1E052646007C94EF /* PineAppleCamera */;
			targetProxy = 124C167A1E052646007C94EF /* PBXContainerItemProxy */;
		};
		124C16861E052646007C94EF /* PBXTargetDependency */ = {
			isa = PBXTargetDependency;
			target = 124C165F1E052646007C94EF /* PineAppleCamera */;
			targetProxy = 124C16851E052646007C94EF /* PBXContainerItemProxy */;
		};
		124C16A11E052699007C94EF /* PBXTargetDependency */ = {
			isa = PBXTargetDependency;
			name = GPUImage;
			targetProxy = 124C16A01E052699007C94EF /* PBXContainerItemProxy */;
		};
/* End PBXTargetDependency section */

/* Begin PBXVariantGroup section */
		124C16711E052646007C94EF /* LaunchScreen.storyboard */ = {
			isa = PBXVariantGroup;
			children = (
				124C16721E052646007C94EF /* Base */,
			);
			name = LaunchScreen.storyboard;
			sourceTree = "<group>";
		};
/* End PBXVariantGroup section */

/* Begin XCBuildConfiguration section */
		124C168B1E052646007C94EF /* Debug */ = {
			isa = XCBuildConfiguration;
			buildSettings = {
				ALWAYS_SEARCH_USER_PATHS = NO;
				CLANG_ANALYZER_NONNULL = YES;
				CLANG_CXX_LANGUAGE_STANDARD = "gnu++0x";
				CLANG_CXX_LIBRARY = "libc++";
				CLANG_ENABLE_MODULES = YES;
				CLANG_ENABLE_OBJC_ARC = YES;
				CLANG_WARN_BOOL_CONVERSION = YES;
				CLANG_WARN_CONSTANT_CONVERSION = YES;
				CLANG_WARN_DIRECT_OBJC_ISA_USAGE = YES_ERROR;
				CLANG_WARN_DOCUMENTATION_COMMENTS = YES;
				CLANG_WARN_EMPTY_BODY = YES;
				CLANG_WARN_ENUM_CONVERSION = YES;
				CLANG_WARN_INFINITE_RECURSION = YES;
				CLANG_WARN_INT_CONVERSION = YES;
				CLANG_WARN_OBJC_ROOT_CLASS = YES_ERROR;
				CLANG_WARN_SUSPICIOUS_MOVES = YES;
				CLANG_WARN_UNREACHABLE_CODE = YES;
				CLANG_WARN__DUPLICATE_METHOD_MATCH = YES;
				"CODE_SIGN_IDENTITY[sdk=iphoneos*]" = "iPhone Developer";
				COPY_PHASE_STRIP = NO;
				DEBUG_INFORMATION_FORMAT = dwarf;
				ENABLE_STRICT_OBJC_MSGSEND = YES;
				ENABLE_TESTABILITY = YES;
				GCC_C_LANGUAGE_STANDARD = gnu99;
				GCC_DYNAMIC_NO_PIC = NO;
				GCC_NO_COMMON_BLOCKS = YES;
				GCC_OPTIMIZATION_LEVEL = 0;
				GCC_PREPROCESSOR_DEFINITIONS = (
					"DEBUG=1",
					"$(inherited)",
				);
				GCC_WARN_64_TO_32_BIT_CONVERSION = YES;
				GCC_WARN_ABOUT_RETURN_TYPE = YES_ERROR;
				GCC_WARN_UNDECLARED_SELECTOR = YES;
				GCC_WARN_UNINITIALIZED_AUTOS = YES_AGGRESSIVE;
				GCC_WARN_UNUSED_FUNCTION = YES;
				GCC_WARN_UNUSED_VARIABLE = YES;
				IPHONEOS_DEPLOYMENT_TARGET = 10.1;
				MTL_ENABLE_DEBUG_INFO = YES;
				ONLY_ACTIVE_ARCH = YES;
				SDKROOT = iphoneos;
				TARGETED_DEVICE_FAMILY = "1,2";
			};
			name = Debug;
		};
		124C168C1E052646007C94EF /* Release */ = {
			isa = XCBuildConfiguration;
			buildSettings = {
				ALWAYS_SEARCH_USER_PATHS = NO;
				CLANG_ANALYZER_NONNULL = YES;
				CLANG_CXX_LANGUAGE_STANDARD = "gnu++0x";
				CLANG_CXX_LIBRARY = "libc++";
				CLANG_ENABLE_MODULES = YES;
				CLANG_ENABLE_OBJC_ARC = YES;
				CLANG_WARN_BOOL_CONVERSION = YES;
				CLANG_WARN_CONSTANT_CONVERSION = YES;
				CLANG_WARN_DIRECT_OBJC_ISA_USAGE = YES_ERROR;
				CLANG_WARN_DOCUMENTATION_COMMENTS = YES;
				CLANG_WARN_EMPTY_BODY = YES;
				CLANG_WARN_ENUM_CONVERSION = YES;
				CLANG_WARN_INFINITE_RECURSION = YES;
				CLANG_WARN_INT_CONVERSION = YES;
				CLANG_WARN_OBJC_ROOT_CLASS = YES_ERROR;
				CLANG_WARN_SUSPICIOUS_MOVES = YES;
				CLANG_WARN_UNREACHABLE_CODE = YES;
				CLANG_WARN__DUPLICATE_METHOD_MATCH = YES;
				"CODE_SIGN_IDENTITY[sdk=iphoneos*]" = "iPhone Developer";
				COPY_PHASE_STRIP = NO;
				DEBUG_INFORMATION_FORMAT = "dwarf-with-dsym";
				ENABLE_NS_ASSERTIONS = NO;
				ENABLE_STRICT_OBJC_MSGSEND = YES;
				GCC_C_LANGUAGE_STANDARD = gnu99;
				GCC_NO_COMMON_BLOCKS = YES;
				GCC_WARN_64_TO_32_BIT_CONVERSION = YES;
				GCC_WARN_ABOUT_RETURN_TYPE = YES_ERROR;
				GCC_WARN_UNDECLARED_SELECTOR = YES;
				GCC_WARN_UNINITIALIZED_AUTOS = YES_AGGRESSIVE;
				GCC_WARN_UNUSED_FUNCTION = YES;
				GCC_WARN_UNUSED_VARIABLE = YES;
				IPHONEOS_DEPLOYMENT_TARGET = 10.1;
				MTL_ENABLE_DEBUG_INFO = NO;
				SDKROOT = iphoneos;
				TARGETED_DEVICE_FAMILY = "1,2";
				VALIDATE_PRODUCT = YES;
			};
			name = Release;
		};
		124C168E1E052646007C94EF /* Debug */ = {
			isa = XCBuildConfiguration;
			buildSettings = {
				ASSETCATALOG_COMPILER_APPICON_NAME = "AppIcon-1";
				DEVELOPMENT_TEAM = ZA747HXW4Q;
				HEADER_SEARCH_PATHS = (
					"$(PROJECT_DIR)/PinaAppleCamera/**",
					"$(PROJECT_DIR)/GPUImage/framework/Source/**",
				);
				INFOPLIST_FILE = PineAppleCamera/Info.plist;
				IPHONEOS_DEPLOYMENT_TARGET = 9.0;
				LD_RUNPATH_SEARCH_PATHS = "$(inherited) @executable_path/Frameworks";
				OTHER_LDFLAGS = " -ObjC ";
				PRODUCT_BUNDLE_IDENTIFIER = sqm.meitu.PineAppleCamera;
				PRODUCT_NAME = "$(TARGET_NAME)";
			};
			name = Debug;
		};
		124C168F1E052646007C94EF /* Release */ = {
			isa = XCBuildConfiguration;
			buildSettings = {
				ASSETCATALOG_COMPILER_APPICON_NAME = "AppIcon-1";
				DEVELOPMENT_TEAM = ZA747HXW4Q;
				HEADER_SEARCH_PATHS = (
					"$(PROJECT_DIR)/PinaAppleCamera/**",
					"$(PROJECT_DIR)/GPUImage/framework/Source/**",
				);
				INFOPLIST_FILE = PineAppleCamera/Info.plist;
				IPHONEOS_DEPLOYMENT_TARGET = 9.0;
				LD_RUNPATH_SEARCH_PATHS = "$(inherited) @executable_path/Frameworks";
				OTHER_LDFLAGS = " -ObjC ";
				PRODUCT_BUNDLE_IDENTIFIER = sqm.meitu.PineAppleCamera;
				PRODUCT_NAME = "$(TARGET_NAME)";
			};
			name = Release;
		};
		124C16911E052646007C94EF /* Debug */ = {
			isa = XCBuildConfiguration;
			buildSettings = {
				BUNDLE_LOADER = "$(TEST_HOST)";
				DEVELOPMENT_TEAM = ZA747HXW4Q;
				INFOPLIST_FILE = PineAppleCameraTests/Info.plist;
				LD_RUNPATH_SEARCH_PATHS = "$(inherited) @executable_path/Frameworks @loader_path/Frameworks";
				PRODUCT_BUNDLE_IDENTIFIER = sqm.meitu.PineAppleCameraTests;
				PRODUCT_NAME = "$(TARGET_NAME)";
				TEST_HOST = "$(BUILT_PRODUCTS_DIR)/PineAppleCamera.app/PineAppleCamera";
			};
			name = Debug;
		};
		124C16921E052646007C94EF /* Release */ = {
			isa = XCBuildConfiguration;
			buildSettings = {
				BUNDLE_LOADER = "$(TEST_HOST)";
				DEVELOPMENT_TEAM = ZA747HXW4Q;
				INFOPLIST_FILE = PineAppleCameraTests/Info.plist;
				LD_RUNPATH_SEARCH_PATHS = "$(inherited) @executable_path/Frameworks @loader_path/Frameworks";
				PRODUCT_BUNDLE_IDENTIFIER = sqm.meitu.PineAppleCameraTests;
				PRODUCT_NAME = "$(TARGET_NAME)";
				TEST_HOST = "$(BUILT_PRODUCTS_DIR)/PineAppleCamera.app/PineAppleCamera";
			};
			name = Release;
		};
		124C16941E052646007C94EF /* Debug */ = {
			isa = XCBuildConfiguration;
			buildSettings = {
				DEVELOPMENT_TEAM = ZA747HXW4Q;
				INFOPLIST_FILE = PineAppleCameraUITests/Info.plist;
				LD_RUNPATH_SEARCH_PATHS = "$(inherited) @executable_path/Frameworks @loader_path/Frameworks";
				PRODUCT_BUNDLE_IDENTIFIER = sqm.meitu.PineAppleCameraUITests;
				PRODUCT_NAME = "$(TARGET_NAME)";
				TEST_TARGET_NAME = PineAppleCamera;
			};
			name = Debug;
		};
		124C16951E052646007C94EF /* Release */ = {
			isa = XCBuildConfiguration;
			buildSettings = {
				DEVELOPMENT_TEAM = ZA747HXW4Q;
				INFOPLIST_FILE = PineAppleCameraUITests/Info.plist;
				LD_RUNPATH_SEARCH_PATHS = "$(inherited) @executable_path/Frameworks @loader_path/Frameworks";
				PRODUCT_BUNDLE_IDENTIFIER = sqm.meitu.PineAppleCameraUITests;
				PRODUCT_NAME = "$(TARGET_NAME)";
				TEST_TARGET_NAME = PineAppleCamera;
			};
			name = Release;
		};
/* End XCBuildConfiguration section */

/* Begin XCConfigurationList section */
		124C165B1E052646007C94EF /* Build configuration list for PBXProject "PineAppleCamera" */ = {
			isa = XCConfigurationList;
			buildConfigurations = (
				124C168B1E052646007C94EF /* Debug */,
				124C168C1E052646007C94EF /* Release */,
			);
			defaultConfigurationIsVisible = 0;
			defaultConfigurationName = Release;
		};
		124C168D1E052646007C94EF /* Build configuration list for PBXNativeTarget "PineAppleCamera" */ = {
			isa = XCConfigurationList;
			buildConfigurations = (
				124C168E1E052646007C94EF /* Debug */,
				124C168F1E052646007C94EF /* Release */,
			);
			defaultConfigurationIsVisible = 0;
			defaultConfigurationName = Release;
		};
		124C16901E052646007C94EF /* Build configuration list for PBXNativeTarget "PineAppleCameraTests" */ = {
			isa = XCConfigurationList;
			buildConfigurations = (
				124C16911E052646007C94EF /* Debug */,
				124C16921E052646007C94EF /* Release */,
			);
			defaultConfigurationIsVisible = 0;
			defaultConfigurationName = Release;
		};
		124C16931E052646007C94EF /* Build configuration list for PBXNativeTarget "PineAppleCameraUITests" */ = {
			isa = XCConfigurationList;
			buildConfigurations = (
				124C16941E052646007C94EF /* Debug */,
				124C16951E052646007C94EF /* Release */,
			);
			defaultConfigurationIsVisible = 0;
			defaultConfigurationName = Release;
		};
/* End XCConfigurationList section */
	};
	rootObject = 124C16581E052646007C94EF /* Project object */;
}
